
Microsoft Visual Studio Solution File, Format Version 12.00
# Visual Studio Version 17
VisualStudioVersion = 17.5.33502.453
MinimumVisualStudioVersion = 10.0.40219.1
Project("{FAE04EC0-301F-11D3-BF4B-00C04F79EFBC}") = "CodingWiki_Web", "CodingWiki_Web\CodingWiki_Web.csproj", "{623B9838-426F-4266-A32F-C7D19311EDD0}"
EndProject
Project("{FAE04EC0-301F-11D3-BF4B-00C04F79EFBC}") = "CodingWiki_DataAccess", "CodingWiki_DataAccess\CodingWiki_DataAccess.csproj", "{227CBD21-6783-4FA7-9FF8-D1D776C2AA3A}"
EndProject
Project("{FAE04EC0-301F-11D3-BF4B-00C04F79EFBC}") = "CodingWiki_Model", "CodingWiki_Model\CodingWiki_Model.csproj", "{59F416E7-D8E9-44B0-ACC5-797BDA54B225}"
EndProject
Project("{FAE04EC0-301F-11D3-BF4B-00C04F79EFBC}") = "CodingWiki_Console", "CodingWiki_Console\CodingWiki_Console.csproj", "{3D07A5B6-A075-4962-816A-1F45F437B925}"
EndProject
Global
	GlobalSection(SolutionConfigurationPlatforms) = preSolution
		Debug|Any CPU = Debug|Any CPU
		Release|Any CPU = Release|Any CPU
	EndGlobalSection
	GlobalSection(ProjectConfigurationPlatforms) = postSolution
		{623B9838-426F-4266-A32F-C7D19311EDD0}.Debug|Any CPU.ActiveCfg = Debug|Any CPU
		{623B9838-426F-4266-A32F-C7D19311EDD0}.Debug|Any CPU.Build.0 = Debug|Any CPU
		{623B9838-426F-4266-A32F-C7D19311EDD0}.Release|Any CPU.ActiveCfg = Release|Any CPU
		{623B9838-426F-4266-A32F-C7D19311EDD0}.Release|Any CPU.Build.0 = Release|Any CPU
		{227CBD21-6783-4FA7-9FF8-D1D776C2AA3A}.Debug|Any CPU.ActiveCfg = Debug|Any CPU
		{227CBD21-6783-4FA7-9FF8-D1D776C2AA3A}.Debug|Any CPU.Build.0 = Debug|Any CPU
		{227CBD21-6783-4FA7-9FF8-D1D776C2AA3A}.Release|Any CPU.ActiveCfg = Release|Any CPU
		{227CBD21-6783-4FA7-9FF8-D1D776C2AA3A}.Release|Any CPU.Build.0 = Release|Any CPU
		{59F416E7-D8E9-44B0-ACC5-797BDA54B225}.Debug|Any CPU.ActiveCfg = Debug|Any CPU
		{59F416E7-D8E9-44B0-ACC5-797BDA54B225}.Debug|Any CPU.Build.0 = Debug|Any CPU
		{59F416E7-D8E9-44B0-ACC5-797BDA54B225}.Release|Any CPU.ActiveCfg = Release|Any CPU
		{59F416E7-D8E9-44B0-ACC5-797BDA54B225}.Release|Any CPU.Build.0 = Release|Any CPU
		{3D07A5B6-A075-4962-816A-1F45F437B925}.Debug|Any CPU.ActiveCfg = Debug|Any CPU
		{3D07A5B6-A075-4962-816A-1F45F437B925}.Debug|Any CPU.Build.0 = Debug|Any CPU
		{3D07A5B6-A075-4962-816A-1F45F437B925}.Release|Any CPU.ActiveCfg = Release|Any CPU
		{3D07A5B6-A075-4962-816A-1F45F437B925}.Release|Any CPU.Build.0 = Release|Any CPU
	EndGlobalSection
	GlobalSection(SolutionProperties) = preSolution
		HideSolutionNode = FALSE
	EndGlobalSection
	GlobalSection(ExtensibilityGlobals) = postSolution
		SolutionGuid = {BB38953D-850E-400E-A004-DE9DEB63562E}
	EndGlobalSection
EndGlobal
